
Microsoft Visual Studio Solution File, Format Version 12.00
# Visual Studio Version 17
VisualStudioVersion = 17.14.36429.23
MinimumVisualStudioVersion = 10.0.40219.1
Project("{FAE04EC0-301F-11D3-BF4B-00C04F79EFBC}") = "CLI", "CLI\CLI.csproj", "{AB53A43C-678E-44EB-8378-A3B9D3FDCBA3}"
EndProject
Project("{FAE04EC0-301F-11D3-BF4B-00C04F79EFBC}") = "Core", "Core\Core.csproj", "{64B541EF-E89C-4C69-90D3-3FDEC4B5D039}"
EndProject
Project("{FAE04EC0-301F-11D3-BF4B-00C04F79EFBC}") = "Infrastructure", "Infrastructure\Infrastructure.csproj", "{4BCFF0E0-B97D-46D4-9B86-E6F1E1F37B52}"
EndProject
Global
	GlobalSection(SolutionConfigurationPlatforms) = preSolution
		Debug|Any CPU = Debug|Any CPU
		Release|Any CPU = Release|Any CPU
	EndGlobalSection
	GlobalSection(ProjectConfigurationPlatforms) = postSolution
		{AB53A43C-678E-44EB-8378-A3B9D3FDCBA3}.Debug|Any CPU.ActiveCfg = Debug|Any CPU
		{AB53A43C-678E-44EB-8378-A3B9D3FDCBA3}.Debug|Any CPU.Build.0 = Debug|Any CPU
		{AB53A43C-678E-44EB-8378-A3B9D3FDCBA3}.Release|Any CPU.ActiveCfg = Release|Any CPU
		{AB53A43C-678E-44EB-8378-A3B9D3FDCBA3}.Release|Any CPU.Build.0 = Release|Any CPU
		{64B541EF-E89C-4C69-90D3-3FDEC4B5D039}.Debug|Any CPU.ActiveCfg = Debug|Any CPU
		{64B541EF-E89C-4C69-90D3-3FDEC4B5D039}.Debug|Any CPU.Build.0 = Debug|Any CPU
		{64B541EF-E89C-4C69-90D3-3FDEC4B5D039}.Release|Any CPU.ActiveCfg = Release|Any CPU
		{64B541EF-E89C-4C69-90D3-3FDEC4B5D039}.Release|Any CPU.Build.0 = Release|Any CPU
		{4BCFF0E0-B97D-46D4-9B86-E6F1E1F37B52}.Debug|Any CPU.ActiveCfg = Debug|Any CPU
		{4BCFF0E0-B97D-46D4-9B86-E6F1E1F37B52}.Debug|Any CPU.Build.0 = Debug|Any CPU
		{4BCFF0E0-B97D-46D4-9B86-E6F1E1F37B52}.Release|Any CPU.ActiveCfg = Release|Any CPU
		{4BCFF0E0-B97D-46D4-9B86-E6F1E1F37B52}.Release|Any CPU.Build.0 = Release|Any CPU
	EndGlobalSection
	GlobalSection(SolutionProperties) = preSolution
		HideSolutionNode = FALSE
	EndGlobalSection
	GlobalSection(ExtensibilityGlobals) = postSolution
		SolutionGuid = {330E3377-90DA-48F7-A653-181D3457D689}
	EndGlobalSection
EndGlobal
